
Microsoft Visual Studio Solution File, Format Version 12.00
# Visual Studio Version 17
VisualStudioVersion = 17.2.32616.157
MinimumVisualStudioVersion = 10.0.40219.1
Project("{FAE04EC0-301F-11D3-BF4B-00C04F79EFBC}") = "Homework21.03", "Homework21.03\Homework21.03.csproj", "{59516CF2-EC85-4BB7-B13A-C44DD0476541}"
EndProject
Global
	GlobalSection(SolutionConfigurationPlatforms) = preSolution
		Debug|Any CPU = Debug|Any CPU
		Release|Any CPU = Release|Any CPU
	EndGlobalSection
	GlobalSection(ProjectConfigurationPlatforms) = postSolution
		{59516CF2-EC85-4BB7-B13A-C44DD0476541}.Debug|Any CPU.ActiveCfg = Debug|Any CPU
		{59516CF2-EC85-4BB7-B13A-C44DD0476541}.Debug|Any CPU.Build.0 = Debug|Any CPU
		{59516CF2-EC85-4BB7-B13A-C44DD0476541}.Release|Any CPU.ActiveCfg = Release|Any CPU
		{59516CF2-EC85-4BB7-B13A-C44DD0476541}.Release|Any CPU.Build.0 = Release|Any CPU
	EndGlobalSection
	GlobalSection(SolutionProperties) = preSolution
		HideSolutionNode = FALSE
	EndGlobalSection
	GlobalSection(ExtensibilityGlobals) = postSolution
		SolutionGuid = {CE5D4784-6860-447B-878F-8C3006253785}
	EndGlobalSection
EndGlobal
